
Microsoft Visual Studio Solution File, Format Version 12.00
# Visual Studio Version 16
VisualStudioVersion = 16.0.33920.266
MinimumVisualStudioVersion = 10.0.40219.1
Project("{FAE04EC0-301F-11D3-BF4B-00C04F79EFBC}") = "DiscordActivityGenerator", "DiscordRPCGenerator\DiscordRPCGenerator.csproj", "{726CB816-7A39-493B-823E-EBC1464F73CD}"
EndProject
Global
	GlobalSection(SolutionConfigurationPlatforms) = preSolution
		Debug|Any CPU = Debug|Any CPU
		Release|Any CPU = Release|Any CPU
	EndGlobalSection
	GlobalSection(ProjectConfigurationPlatforms) = postSolution
		{726CB816-7A39-493B-823E-EBC1464F73CD}.Debug|Any CPU.ActiveCfg = Debug|Any CPU
		{726CB816-7A39-493B-823E-EBC1464F73CD}.Debug|Any CPU.Build.0 = Debug|Any CPU
		{726CB816-7A39-493B-823E-EBC1464F73CD}.Release|Any CPU.ActiveCfg = Release|Any CPU
		{726CB816-7A39-493B-823E-EBC1464F73CD}.Release|Any CPU.Build.0 = Release|Any CPU
	EndGlobalSection
	GlobalSection(SolutionProperties) = preSolution
		HideSolutionNode = FALSE
	EndGlobalSection
	GlobalSection(ExtensibilityGlobals) = postSolution
		SolutionGuid = {462E4ED0-4744-452A-8D44-95655831DF6D}
	EndGlobalSection
EndGlobal
